{
  "nodes": {
    "nixpkgs": {
      "locked": {
        "lastModified": 1674422067,
        "narHash": "sha256-MpYL/AvveTPh8bbXrfaxjWo+htemqPC4auC4W1Q7mM0=",
        "owner": "NixOS",
        "repo": "nixpkgs",
        "rev": "523e62005a859bf1afe72f6b9ad2aec7b8ddb2ff",
        "type": "github"
      },
      "original": {
        "owner": "NixOS",
        "repo": "nixpkgs",
        "type": "github"
      }
    },
    "root": {
      "inputs": {
        "nixpkgs": "nixpkgs"
      }
    }
  },
  "root": "root",
  "version": 7
}
