{
  "nodes": {
    "nixpkgs": {
      "locked": {
        "lastModified": 1675641388,
        "narHash": "sha256-j5gVCyPHN/CMNVwwATypP1Yk8NjwhkSgRMLegNwWFOc=",
        "owner": "NixOS",
        "repo": "nixpkgs",
        "rev": "8255262d78f3c535b24da541534c0ef735215edf",
        "type": "github"
      },
      "original": {
        "owner": "NixOS",
        "repo": "nixpkgs",
        "type": "github"
      }
    },
    "root": {
      "inputs": {
        "nixpkgs": "nixpkgs"
      }
    }
  },
  "root": "root",
  "version": 7
}
